// !$*UTF8*$!
{
	archiveVersion = 1;
	classes = {
	};
	objectVersion = 48;
	objects = {

/* Begin PBXBuildFile section */
		07A3121147EC8DE712BAEF56 /* Pods_github_ios_listUITests.framework in Frameworks */ = {isa = PBXBuildFile; fileRef = 67C8984A5B5690946A1AF570 /* Pods_github_ios_listUITests.framework */; };
		09B3A6CC67DE632358665E06 /* Pods_github_ios_list.framework in Frameworks */ = {isa = PBXBuildFile; fileRef = C4972719EF756DE2AC225A18 /* Pods_github_ios_list.framework */; };
		C34B72621F73F4F5002C0515 /* AppDelegate.swift in Sources */ = {isa = PBXBuildFile; fileRef = C34B72611F73F4F5002C0515 /* AppDelegate.swift */; };
		C34B72641F73F4F5002C0515 /* RepositoryViewController.swift in Sources */ = {isa = PBXBuildFile; fileRef = C34B72631F73F4F5002C0515 /* RepositoryViewController.swift */; };
		C34B72671F73F4F5002C0515 /* Main.storyboard in Resources */ = {isa = PBXBuildFile; fileRef = C34B72651F73F4F5002C0515 /* Main.storyboard */; };
		C34B726A1F73F4F5002C0515 /* github_ios_list.xcdatamodeld in Sources */ = {isa = PBXBuildFile; fileRef = C34B72681F73F4F5002C0515 /* github_ios_list.xcdatamodeld */; };
		C34B726C1F73F4F5002C0515 /* Assets.xcassets in Resources */ = {isa = PBXBuildFile; fileRef = C34B726B1F73F4F5002C0515 /* Assets.xcassets */; };
		C34B726F1F73F4F5002C0515 /* LaunchScreen.storyboard in Resources */ = {isa = PBXBuildFile; fileRef = C34B726D1F73F4F5002C0515 /* LaunchScreen.storyboard */; };
		C34B72851F73F4F5002C0515 /* github_ios_listUITests.swift in Sources */ = {isa = PBXBuildFile; fileRef = C34B72841F73F4F5002C0515 /* github_ios_listUITests.swift */; };
		C36676891F744B1800E4C094 /* PullRequestTableViewController.swift in Sources */ = {isa = PBXBuildFile; fileRef = C36676881F744B1800E4C094 /* PullRequestTableViewController.swift */; };
		C36676941F744C1A00E4C094 /* RepositoryTableViewCell.swift in Sources */ = {isa = PBXBuildFile; fileRef = C36676931F744C1A00E4C094 /* RepositoryTableViewCell.swift */; };
		C36676961F744C2E00E4C094 /* PullRequestTableViewCell.swift in Sources */ = {isa = PBXBuildFile; fileRef = C36676951F744C2E00E4C094 /* PullRequestTableViewCell.swift */; };
		C36676981F744CD700E4C094 /* RepositoryViewModel.swift in Sources */ = {isa = PBXBuildFile; fileRef = C36676971F744CD700E4C094 /* RepositoryViewModel.swift */; };
		C366769A1F744CF100E4C094 /* PullRequestViewModel.swift in Sources */ = {isa = PBXBuildFile; fileRef = C36676991F744CF100E4C094 /* PullRequestViewModel.swift */; };
		C366769C1F744D1A00E4C094 /* RepositoryDAO.swift in Sources */ = {isa = PBXBuildFile; fileRef = C366769B1F744D1A00E4C094 /* RepositoryDAO.swift */; };
		C366769E1F744D3800E4C094 /* PullRequestDAO.swift in Sources */ = {isa = PBXBuildFile; fileRef = C366769D1F744D3800E4C094 /* PullRequestDAO.swift */; };
		C38089181F7FEFE800F8FE80 /* NSManagedObjectContext+Additions.swift in Sources */ = {isa = PBXBuildFile; fileRef = C38089171F7FEFE800F8FE80 /* NSManagedObjectContext+Additions.swift */; };
		C3A74B1B1F7490AA00D4450E /* RepositoryTest.swift in Sources */ = {isa = PBXBuildFile; fileRef = C3A74B1A1F7490AA00D4450E /* RepositoryTest.swift */; };
		C3A74B1D1F749A1800D4450E /* JSONRepository.swift in Sources */ = {isa = PBXBuildFile; fileRef = C3A74B1C1F749A1800D4450E /* JSONRepository.swift */; };
		C3A74B1F1F749A4600D4450E /* JSONPullRequest.swift in Sources */ = {isa = PBXBuildFile; fileRef = C3A74B1E1F749A4600D4450E /* JSONPullRequest.swift */; };
		C3A74B221F74A7C900D4450E /* JSONOwner.swift in Sources */ = {isa = PBXBuildFile; fileRef = C3A74B211F74A7C900D4450E /* JSONOwner.swift */; };
		C3A74B241F74A92F00D4450E /* JSONRepositoryItem.swift in Sources */ = {isa = PBXBuildFile; fileRef = C3A74B231F74A92F00D4450E /* JSONRepositoryItem.swift */; };
		C3A74B271F74C88500D4450E /* JSONRepository_mock.json in Resources */ = {isa = PBXBuildFile; fileRef = C3A74B261F74C88500D4450E /* JSONRepository_mock.json */; };
		C3A74B291F74C94B00D4450E /* JSONPullRequest_mock.json in Resources */ = {isa = PBXBuildFile; fileRef = C3A74B281F74C94B00D4450E /* JSONPullRequest_mock.json */; };
		C3A74B2B1F74CB8100D4450E /* JSONUser.swift in Sources */ = {isa = PBXBuildFile; fileRef = C3A74B2A1F74CB8100D4450E /* JSONUser.swift */; };
		C3AC7D231F8506AF0094CC5B /* RepositoryViewModelTest.swift in Sources */ = {isa = PBXBuildFile; fileRef = C3AC7D221F8506AF0094CC5B /* RepositoryViewModelTest.swift */; };
		C3B88C1D1F80000B004FF370 /* PullRequestDAOTest.swift in Sources */ = {isa = PBXBuildFile; fileRef = C3B88C1C1F80000B004FF370 /* PullRequestDAOTest.swift */; };
		C3CE9C601F832896005CBB3E /* RepositoryService.swift in Sources */ = {isa = PBXBuildFile; fileRef = C3CE9C5F1F832896005CBB3E /* RepositoryService.swift */; };
		C3CEE82F1F811D6600EE39BA /* Date+Additions.swift in Sources */ = {isa = PBXBuildFile; fileRef = C3CEE82E1F811D6600EE39BA /* Date+Additions.swift */; };
		C3CEE8311F81277F00EE39BA /* StubPullRequest.swift in Sources */ = {isa = PBXBuildFile; fileRef = C3CEE8301F81277F00EE39BA /* StubPullRequest.swift */; };
		C3D225C61F7DD71C000D9860 /* RepositoryDAOTest.swift in Sources */ = {isa = PBXBuildFile; fileRef = C3D225C51F7DD71C000D9860 /* RepositoryDAOTest.swift */; };
		C3D225C91F7DD995000D9860 /* StubRepository.swift in Sources */ = {isa = PBXBuildFile; fileRef = C3D225C81F7DD995000D9860 /* StubRepository.swift */; };
		C3D225CB1F7DE3AD000D9860 /* CoreDataHelper.swift in Sources */ = {isa = PBXBuildFile; fileRef = C3D225CA1F7DE3AD000D9860 /* CoreDataHelper.swift */; };
		C3D773B41F81CA70003F1ED4 /* Errors.swift in Sources */ = {isa = PBXBuildFile; fileRef = C3D773B31F81CA70003F1ED4 /* Errors.swift */; };
		C3EBDB6C1F75586400FF9071 /* PullRequestTest.swift in Sources */ = {isa = PBXBuildFile; fileRef = C3EBDB6B1F75586400FF9071 /* PullRequestTest.swift */; };
		C44FF48254449A9AF2BEF2AE /* Pods_github_ios_listTests.framework in Frameworks */ = {isa = PBXBuildFile; fileRef = A2587F67C4B0F7B0AC0C05A9 /* Pods_github_ios_listTests.framework */; };
/* End PBXBuildFile section */

/* Begin PBXContainerItemProxy section */
		C34B72761F73F4F5002C0515 /* PBXContainerItemProxy */ = {
			isa = PBXContainerItemProxy;
			containerPortal = C34B72561F73F4F5002C0515 /* Project object */;
			proxyType = 1;
			remoteGlobalIDString = C34B725D1F73F4F5002C0515;
			remoteInfo = "github-ios-list";
		};
		C34B72811F73F4F5002C0515 /* PBXContainerItemProxy */ = {
			isa = PBXContainerItemProxy;
			containerPortal = C34B72561F73F4F5002C0515 /* Project object */;
			proxyType = 1;
			remoteGlobalIDString = C34B725D1F73F4F5002C0515;
			remoteInfo = "github-ios-list";
		};
/* End PBXContainerItemProxy section */

/* Begin PBXFileReference section */
		090F81439A0A616FE525F8B0 /* Pods-github-ios-listTests.release.xcconfig */ = {isa = PBXFileReference; includeInIndex = 1; lastKnownFileType = text.xcconfig; name = "Pods-github-ios-listTests.release.xcconfig"; path = "Pods/Target Support Files/Pods-github-ios-listTests/Pods-github-ios-listTests.release.xcconfig"; sourceTree = "<group>"; };
		0DCB1001EC8AD418292E0790 /* Pods-github-ios-listTests.debug.xcconfig */ = {isa = PBXFileReference; includeInIndex = 1; lastKnownFileType = text.xcconfig; name = "Pods-github-ios-listTests.debug.xcconfig"; path = "Pods/Target Support Files/Pods-github-ios-listTests/Pods-github-ios-listTests.debug.xcconfig"; sourceTree = "<group>"; };
		634B42CF53BA79619870C35D /* Pods-github-ios-list.release.xcconfig */ = {isa = PBXFileReference; includeInIndex = 1; lastKnownFileType = text.xcconfig; name = "Pods-github-ios-list.release.xcconfig"; path = "Pods/Target Support Files/Pods-github-ios-list/Pods-github-ios-list.release.xcconfig"; sourceTree = "<group>"; };
		67C8984A5B5690946A1AF570 /* Pods_github_ios_listUITests.framework */ = {isa = PBXFileReference; explicitFileType = wrapper.framework; includeInIndex = 0; path = Pods_github_ios_listUITests.framework; sourceTree = BUILT_PRODUCTS_DIR; };
		9FA5C0F76796589A22CE0CE1 /* Pods-github-ios-listUITests.release.xcconfig */ = {isa = PBXFileReference; includeInIndex = 1; lastKnownFileType = text.xcconfig; name = "Pods-github-ios-listUITests.release.xcconfig"; path = "Pods/Target Support Files/Pods-github-ios-listUITests/Pods-github-ios-listUITests.release.xcconfig"; sourceTree = "<group>"; };
		A2587F67C4B0F7B0AC0C05A9 /* Pods_github_ios_listTests.framework */ = {isa = PBXFileReference; explicitFileType = wrapper.framework; includeInIndex = 0; path = Pods_github_ios_listTests.framework; sourceTree = BUILT_PRODUCTS_DIR; };
		C34B725E1F73F4F5002C0515 /* github-ios-list.app */ = {isa = PBXFileReference; explicitFileType = wrapper.application; includeInIndex = 0; path = "github-ios-list.app"; sourceTree = BUILT_PRODUCTS_DIR; };
		C34B72611F73F4F5002C0515 /* AppDelegate.swift */ = {isa = PBXFileReference; lastKnownFileType = sourcecode.swift; path = AppDelegate.swift; sourceTree = "<group>"; };
		C34B72631F73F4F5002C0515 /* RepositoryViewController.swift */ = {isa = PBXFileReference; lastKnownFileType = sourcecode.swift; path = RepositoryViewController.swift; sourceTree = "<group>"; };
		C34B72661F73F4F5002C0515 /* Base */ = {isa = PBXFileReference; lastKnownFileType = file.storyboard; name = Base; path = Base.lproj/Main.storyboard; sourceTree = "<group>"; };
		C34B72691F73F4F5002C0515 /* github_ios_list.xcdatamodel */ = {isa = PBXFileReference; lastKnownFileType = wrapper.xcdatamodel; path = github_ios_list.xcdatamodel; sourceTree = "<group>"; };
		C34B726B1F73F4F5002C0515 /* Assets.xcassets */ = {isa = PBXFileReference; lastKnownFileType = folder.assetcatalog; path = Assets.xcassets; sourceTree = "<group>"; };
		C34B726E1F73F4F5002C0515 /* Base */ = {isa = PBXFileReference; lastKnownFileType = file.storyboard; name = Base; path = Base.lproj/LaunchScreen.storyboard; sourceTree = "<group>"; };
		C34B72701F73F4F5002C0515 /* Info.plist */ = {isa = PBXFileReference; lastKnownFileType = text.plist.xml; path = Info.plist; sourceTree = "<group>"; };
		C34B72751F73F4F5002C0515 /* github-ios-listTests.xctest */ = {isa = PBXFileReference; explicitFileType = wrapper.cfbundle; includeInIndex = 0; path = "github-ios-listTests.xctest"; sourceTree = BUILT_PRODUCTS_DIR; };
		C34B727B1F73F4F5002C0515 /* Info.plist */ = {isa = PBXFileReference; lastKnownFileType = text.plist.xml; path = Info.plist; sourceTree = "<group>"; };
		C34B72801F73F4F5002C0515 /* github-ios-listUITests.xctest */ = {isa = PBXFileReference; explicitFileType = wrapper.cfbundle; includeInIndex = 0; path = "github-ios-listUITests.xctest"; sourceTree = BUILT_PRODUCTS_DIR; };
		C34B72841F73F4F5002C0515 /* github_ios_listUITests.swift */ = {isa = PBXFileReference; lastKnownFileType = sourcecode.swift; path = github_ios_listUITests.swift; sourceTree = "<group>"; };
		C34B72861F73F4F5002C0515 /* Info.plist */ = {isa = PBXFileReference; lastKnownFileType = text.plist.xml; path = Info.plist; sourceTree = "<group>"; };
		C36676881F744B1800E4C094 /* PullRequestTableViewController.swift */ = {isa = PBXFileReference; lastKnownFileType = sourcecode.swift; path = PullRequestTableViewController.swift; sourceTree = "<group>"; };
		C36676931F744C1A00E4C094 /* RepositoryTableViewCell.swift */ = {isa = PBXFileReference; lastKnownFileType = sourcecode.swift; path = RepositoryTableViewCell.swift; sourceTree = "<group>"; };
		C36676951F744C2E00E4C094 /* PullRequestTableViewCell.swift */ = {isa = PBXFileReference; lastKnownFileType = sourcecode.swift; path = PullRequestTableViewCell.swift; sourceTree = "<group>"; };
		C36676971F744CD700E4C094 /* RepositoryViewModel.swift */ = {isa = PBXFileReference; lastKnownFileType = sourcecode.swift; path = RepositoryViewModel.swift; sourceTree = "<group>"; };
		C36676991F744CF100E4C094 /* PullRequestViewModel.swift */ = {isa = PBXFileReference; lastKnownFileType = sourcecode.swift; path = PullRequestViewModel.swift; sourceTree = "<group>"; };
		C366769B1F744D1A00E4C094 /* RepositoryDAO.swift */ = {isa = PBXFileReference; lastKnownFileType = sourcecode.swift; path = RepositoryDAO.swift; sourceTree = "<group>"; };
		C366769D1F744D3800E4C094 /* PullRequestDAO.swift */ = {isa = PBXFileReference; lastKnownFileType = sourcecode.swift; path = PullRequestDAO.swift; sourceTree = "<group>"; };
		C38089171F7FEFE800F8FE80 /* NSManagedObjectContext+Additions.swift */ = {isa = PBXFileReference; lastKnownFileType = sourcecode.swift; path = "NSManagedObjectContext+Additions.swift"; sourceTree = "<group>"; };
		C3A74B141F748B0D00D4450E /* PullRequestEntity+CoreDataProperties.swift */ = {isa = PBXFileReference; lastKnownFileType = sourcecode.swift; name = "PullRequestEntity+CoreDataProperties.swift"; path = "github-ios-list/PullRequestEntity+CoreDataProperties.swift"; sourceTree = SOURCE_ROOT; };
		C3A74B151F748B0D00D4450E /* PullRequestEntity+CoreDataClass.swift */ = {isa = PBXFileReference; lastKnownFileType = sourcecode.swift; name = "PullRequestEntity+CoreDataClass.swift"; path = "github-ios-list/PullRequestEntity+CoreDataClass.swift"; sourceTree = SOURCE_ROOT; };
		C3A74B161F748B0D00D4450E /* RepositoryEntity+CoreDataProperties.swift */ = {isa = PBXFileReference; lastKnownFileType = sourcecode.swift; name = "RepositoryEntity+CoreDataProperties.swift"; path = "github-ios-list/RepositoryEntity+CoreDataProperties.swift"; sourceTree = SOURCE_ROOT; };
		C3A74B171F748B0D00D4450E /* OwnerEntity+CoreDataProperties.swift */ = {isa = PBXFileReference; lastKnownFileType = sourcecode.swift; name = "OwnerEntity+CoreDataProperties.swift"; path = "github-ios-list/OwnerEntity+CoreDataProperties.swift"; sourceTree = SOURCE_ROOT; };
		C3A74B181F748B0D00D4450E /* OwnerEntity+CoreDataClass.swift */ = {isa = PBXFileReference; lastKnownFileType = sourcecode.swift; name = "OwnerEntity+CoreDataClass.swift"; path = "github-ios-list/OwnerEntity+CoreDataClass.swift"; sourceTree = SOURCE_ROOT; };
		C3A74B191F748B0E00D4450E /* RepositoryEntity+CoreDataClass.swift */ = {isa = PBXFileReference; lastKnownFileType = sourcecode.swift; name = "RepositoryEntity+CoreDataClass.swift"; path = "github-ios-list/RepositoryEntity+CoreDataClass.swift"; sourceTree = SOURCE_ROOT; };
		C3A74B1A1F7490AA00D4450E /* RepositoryTest.swift */ = {isa = PBXFileReference; lastKnownFileType = sourcecode.swift; path = RepositoryTest.swift; sourceTree = "<group>"; };
		C3A74B1C1F749A1800D4450E /* JSONRepository.swift */ = {isa = PBXFileReference; lastKnownFileType = sourcecode.swift; path = JSONRepository.swift; sourceTree = "<group>"; };
		C3A74B1E1F749A4600D4450E /* JSONPullRequest.swift */ = {isa = PBXFileReference; lastKnownFileType = sourcecode.swift; path = JSONPullRequest.swift; sourceTree = "<group>"; };
		C3A74B211F74A7C900D4450E /* JSONOwner.swift */ = {isa = PBXFileReference; lastKnownFileType = sourcecode.swift; path = JSONOwner.swift; sourceTree = "<group>"; };
		C3A74B231F74A92F00D4450E /* JSONRepositoryItem.swift */ = {isa = PBXFileReference; lastKnownFileType = sourcecode.swift; path = JSONRepositoryItem.swift; sourceTree = "<group>"; };
		C3A74B261F74C88500D4450E /* JSONRepository_mock.json */ = {isa = PBXFileReference; lastKnownFileType = text.json; path = JSONRepository_mock.json; sourceTree = "<group>"; };
		C3A74B281F74C94B00D4450E /* JSONPullRequest_mock.json */ = {isa = PBXFileReference; lastKnownFileType = text.json; path = JSONPullRequest_mock.json; sourceTree = "<group>"; };
		C3A74B2A1F74CB8100D4450E /* JSONUser.swift */ = {isa = PBXFileReference; lastKnownFileType = sourcecode.swift; path = JSONUser.swift; sourceTree = "<group>"; };
		C3AC7D221F8506AF0094CC5B /* RepositoryViewModelTest.swift */ = {isa = PBXFileReference; lastKnownFileType = sourcecode.swift; path = RepositoryViewModelTest.swift; sourceTree = "<group>"; };
		C3B88C1C1F80000B004FF370 /* PullRequestDAOTest.swift */ = {isa = PBXFileReference; lastKnownFileType = sourcecode.swift; path = PullRequestDAOTest.swift; sourceTree = "<group>"; };
		C3CE9C5F1F832896005CBB3E /* RepositoryService.swift */ = {isa = PBXFileReference; lastKnownFileType = sourcecode.swift; name = RepositoryService.swift; path = "github-ios-list/network/RepositoryService.swift"; sourceTree = SOURCE_ROOT; };
		C3CEE82E1F811D6600EE39BA /* Date+Additions.swift */ = {isa = PBXFileReference; lastKnownFileType = sourcecode.swift; path = "Date+Additions.swift"; sourceTree = "<group>"; };
		C3CEE8301F81277F00EE39BA /* StubPullRequest.swift */ = {isa = PBXFileReference; lastKnownFileType = sourcecode.swift; path = StubPullRequest.swift; sourceTree = "<group>"; };
		C3D225C51F7DD71C000D9860 /* RepositoryDAOTest.swift */ = {isa = PBXFileReference; lastKnownFileType = sourcecode.swift; path = RepositoryDAOTest.swift; sourceTree = "<group>"; };
		C3D225C81F7DD995000D9860 /* StubRepository.swift */ = {isa = PBXFileReference; lastKnownFileType = sourcecode.swift; path = StubRepository.swift; sourceTree = "<group>"; };
		C3D225CA1F7DE3AD000D9860 /* CoreDataHelper.swift */ = {isa = PBXFileReference; lastKnownFileType = sourcecode.swift; path = CoreDataHelper.swift; sourceTree = "<group>"; };
		C3D773B31F81CA70003F1ED4 /* Errors.swift */ = {isa = PBXFileReference; lastKnownFileType = sourcecode.swift; name = Errors.swift; path = "github-ios-list/extensions/Errors.swift"; sourceTree = SOURCE_ROOT; };
		C3EBDB6B1F75586400FF9071 /* PullRequestTest.swift */ = {isa = PBXFileReference; lastKnownFileType = sourcecode.swift; path = PullRequestTest.swift; sourceTree = "<group>"; };
		C4972719EF756DE2AC225A18 /* Pods_github_ios_list.framework */ = {isa = PBXFileReference; explicitFileType = wrapper.framework; includeInIndex = 0; path = Pods_github_ios_list.framework; sourceTree = BUILT_PRODUCTS_DIR; };
		EB3015C007CB27E0C0BA9749 /* Pods-github-ios-list.debug.xcconfig */ = {isa = PBXFileReference; includeInIndex = 1; lastKnownFileType = text.xcconfig; name = "Pods-github-ios-list.debug.xcconfig"; path = "Pods/Target Support Files/Pods-github-ios-list/Pods-github-ios-list.debug.xcconfig"; sourceTree = "<group>"; };
		F3F82F6BA44D8A883ABE50F9 /* Pods-github-ios-listUITests.debug.xcconfig */ = {isa = PBXFileReference; includeInIndex = 1; lastKnownFileType = text.xcconfig; name = "Pods-github-ios-listUITests.debug.xcconfig"; path = "Pods/Target Support Files/Pods-github-ios-listUITests/Pods-github-ios-listUITests.debug.xcconfig"; sourceTree = "<group>"; };
/* End PBXFileReference section */

/* Begin PBXFrameworksBuildPhase section */
		C34B725B1F73F4F5002C0515 /* Frameworks */ = {
			isa = PBXFrameworksBuildPhase;
			buildActionMask = 2147483647;
			files = (
				09B3A6CC67DE632358665E06 /* Pods_github_ios_list.framework in Frameworks */,
			);
			runOnlyForDeploymentPostprocessing = 0;
		};
		C34B72721F73F4F5002C0515 /* Frameworks */ = {
			isa = PBXFrameworksBuildPhase;
			buildActionMask = 2147483647;
			files = (
				C44FF48254449A9AF2BEF2AE /* Pods_github_ios_listTests.framework in Frameworks */,
			);
			runOnlyForDeploymentPostprocessing = 0;
		};
		C34B727D1F73F4F5002C0515 /* Frameworks */ = {
			isa = PBXFrameworksBuildPhase;
			buildActionMask = 2147483647;
			files = (
				07A3121147EC8DE712BAEF56 /* Pods_github_ios_listUITests.framework in Frameworks */,
			);
			runOnlyForDeploymentPostprocessing = 0;
		};
/* End PBXFrameworksBuildPhase section */

/* Begin PBXGroup section */
		5A698B18A7AA792E72054F94 /* Pods */ = {
			isa = PBXGroup;
			children = (
				EB3015C007CB27E0C0BA9749 /* Pods-github-ios-list.debug.xcconfig */,
				634B42CF53BA79619870C35D /* Pods-github-ios-list.release.xcconfig */,
				0DCB1001EC8AD418292E0790 /* Pods-github-ios-listTests.debug.xcconfig */,
				090F81439A0A616FE525F8B0 /* Pods-github-ios-listTests.release.xcconfig */,
				F3F82F6BA44D8A883ABE50F9 /* Pods-github-ios-listUITests.debug.xcconfig */,
				9FA5C0F76796589A22CE0CE1 /* Pods-github-ios-listUITests.release.xcconfig */,
			);
			name = Pods;
			sourceTree = "<group>";
		};
		6695076A1766B3EEEF311A51 /* Frameworks */ = {
			isa = PBXGroup;
			children = (
				C4972719EF756DE2AC225A18 /* Pods_github_ios_list.framework */,
				A2587F67C4B0F7B0AC0C05A9 /* Pods_github_ios_listTests.framework */,
				67C8984A5B5690946A1AF570 /* Pods_github_ios_listUITests.framework */,
			);
			name = Frameworks;
			sourceTree = "<group>";
		};
		C34B72551F73F4F4002C0515 = {
			isa = PBXGroup;
			children = (
				C34B72601F73F4F5002C0515 /* github-ios-list */,
				C34B72781F73F4F5002C0515 /* github-ios-listTests */,
				C34B72831F73F4F5002C0515 /* github-ios-listUITests */,
				C34B725F1F73F4F5002C0515 /* Products */,
				5A698B18A7AA792E72054F94 /* Pods */,
				6695076A1766B3EEEF311A51 /* Frameworks */,
			);
			sourceTree = "<group>";
		};
		C34B725F1F73F4F5002C0515 /* Products */ = {
			isa = PBXGroup;
			children = (
				C34B725E1F73F4F5002C0515 /* github-ios-list.app */,
				C34B72751F73F4F5002C0515 /* github-ios-listTests.xctest */,
				C34B72801F73F4F5002C0515 /* github-ios-listUITests.xctest */,
			);
			name = Products;
			sourceTree = "<group>";
		};
		C34B72601F73F4F5002C0515 /* github-ios-list */ = {
			isa = PBXGroup;
			children = (
				C38089161F7FEFBB00F8FE80 /* extensions */,
				C366769F1F744E5600E4C094 /* helper */,
				C36676901F744B6200E4C094 /* network */,
				C366768D1F744B3D00E4C094 /* model */,
				C366768C1F744B3800E4C094 /* view */,
				C366768B1F744B3000E4C094 /* viewModel */,
				C366768A1F744B2400E4C094 /* viewController */,
				C34B72611F73F4F5002C0515 /* AppDelegate.swift */,
				C34B72651F73F4F5002C0515 /* Main.storyboard */,
				C34B726B1F73F4F5002C0515 /* Assets.xcassets */,
				C34B726D1F73F4F5002C0515 /* LaunchScreen.storyboard */,
				C34B72701F73F4F5002C0515 /* Info.plist */,
				C34B72681F73F4F5002C0515 /* github_ios_list.xcdatamodeld */,
			);
			path = "github-ios-list";
			sourceTree = "<group>";
		};
		C34B72781F73F4F5002C0515 /* github-ios-listTests */ = {
			isa = PBXGroup;
			children = (
				C3AC7D211F85068F0094CC5B /* viewModel */,
				C3D225C71F7DD977000D9860 /* stubs */,
				C3D225C41F7DD6EA000D9860 /* models */,
				C3A74B251F74C84C00D4450E /* mocks */,
				C34B727B1F73F4F5002C0515 /* Info.plist */,
			);
			path = "github-ios-listTests";
			sourceTree = "<group>";
		};
		C34B72831F73F4F5002C0515 /* github-ios-listUITests */ = {
			isa = PBXGroup;
			children = (
				C34B72841F73F4F5002C0515 /* github_ios_listUITests.swift */,
				C34B72861F73F4F5002C0515 /* Info.plist */,
			);
			path = "github-ios-listUITests";
			sourceTree = "<group>";
		};
		C366768A1F744B2400E4C094 /* viewController */ = {
			isa = PBXGroup;
			children = (
				C34B72631F73F4F5002C0515 /* RepositoryViewController.swift */,
				C36676881F744B1800E4C094 /* PullRequestTableViewController.swift */,
			);
			path = viewController;
			sourceTree = "<group>";
		};
		C366768B1F744B3000E4C094 /* viewModel */ = {
			isa = PBXGroup;
			children = (
				C36676971F744CD700E4C094 /* RepositoryViewModel.swift */,
				C36676991F744CF100E4C094 /* PullRequestViewModel.swift */,
			);
			path = viewModel;
			sourceTree = "<group>";
		};
		C366768C1F744B3800E4C094 /* view */ = {
			isa = PBXGroup;
			children = (
				C36676931F744C1A00E4C094 /* RepositoryTableViewCell.swift */,
				C36676951F744C2E00E4C094 /* PullRequestTableViewCell.swift */,
			);
			path = view;
			sourceTree = "<group>";
		};
		C366768D1F744B3D00E4C094 /* model */ = {
			isa = PBXGroup;
			children = (
				C3A74B201F749A5A00D4450E /* json */,
				C366768F1F744B5C00E4C094 /* DAO */,
				C366768E1F744B5000E4C094 /* coreData */,
			);
			path = model;
			sourceTree = "<group>";
		};
		C366768E1F744B5000E4C094 /* coreData */ = {
			isa = PBXGroup;
			children = (
				C3A74B181F748B0D00D4450E /* OwnerEntity+CoreDataClass.swift */,
				C3A74B171F748B0D00D4450E /* OwnerEntity+CoreDataProperties.swift */,
				C3A74B151F748B0D00D4450E /* PullRequestEntity+CoreDataClass.swift */,
				C3A74B141F748B0D00D4450E /* PullRequestEntity+CoreDataProperties.swift */,
				C3A74B191F748B0E00D4450E /* RepositoryEntity+CoreDataClass.swift */,
				C3A74B161F748B0D00D4450E /* RepositoryEntity+CoreDataProperties.swift */,
			);
			path = coreData;
			sourceTree = "<group>";
		};
		C366768F1F744B5C00E4C094 /* DAO */ = {
			isa = PBXGroup;
			children = (
				C366769B1F744D1A00E4C094 /* RepositoryDAO.swift */,
				C366769D1F744D3800E4C094 /* PullRequestDAO.swift */,
			);
			path = DAO;
			sourceTree = "<group>";
		};
		C36676901F744B6200E4C094 /* network */ = {
			isa = PBXGroup;
			children = (
				C3CE9C5F1F832896005CBB3E /* RepositoryService.swift */,
			);
			path = network;
			sourceTree = "<group>";
		};
		C366769F1F744E5600E4C094 /* helper */ = {
			isa = PBXGroup;
			children = (
				C3D773B31F81CA70003F1ED4 /* Errors.swift */,
			);
			path = helper;
			sourceTree = "<group>";
		};
		C38089161F7FEFBB00F8FE80 /* extensions */ = {
			isa = PBXGroup;
			children = (
				C38089171F7FEFE800F8FE80 /* NSManagedObjectContext+Additions.swift */,
				C3CEE82E1F811D6600EE39BA /* Date+Additions.swift */,
			);
			path = extensions;
			sourceTree = "<group>";
		};
		C3A74B201F749A5A00D4450E /* json */ = {
			isa = PBXGroup;
			children = (
				C3A74B1C1F749A1800D4450E /* JSONRepository.swift */,
				C3A74B1E1F749A4600D4450E /* JSONPullRequest.swift */,
				C3A74B211F74A7C900D4450E /* JSONOwner.swift */,
				C3A74B231F74A92F00D4450E /* JSONRepositoryItem.swift */,
				C3A74B2A1F74CB8100D4450E /* JSONUser.swift */,
			);
			path = json;
			sourceTree = "<group>";
		};
		C3A74B251F74C84C00D4450E /* mocks */ = {
			isa = PBXGroup;
			children = (
				C3A74B261F74C88500D4450E /* JSONRepository_mock.json */,
				C3A74B281F74C94B00D4450E /* JSONPullRequest_mock.json */,
			);
			path = mocks;
			sourceTree = "<group>";
		};
		C3AC7D211F85068F0094CC5B /* viewModel */ = {
			isa = PBXGroup;
			children = (
				C3AC7D221F8506AF0094CC5B /* RepositoryViewModelTest.swift */,
			);
			path = viewModel;
			sourceTree = "<group>";
		};
		C3D225C41F7DD6EA000D9860 /* models */ = {
			isa = PBXGroup;
			children = (
				C3A74B1A1F7490AA00D4450E /* RepositoryTest.swift */,
				C3EBDB6B1F75586400FF9071 /* PullRequestTest.swift */,
				C3D225C51F7DD71C000D9860 /* RepositoryDAOTest.swift */,
				C3B88C1C1F80000B004FF370 /* PullRequestDAOTest.swift */,
			);
			path = models;
			sourceTree = "<group>";
		};
		C3D225C71F7DD977000D9860 /* stubs */ = {
			isa = PBXGroup;
			children = (
				C3D225C81F7DD995000D9860 /* StubRepository.swift */,
				C3D225CA1F7DE3AD000D9860 /* CoreDataHelper.swift */,
				C3CEE8301F81277F00EE39BA /* StubPullRequest.swift */,
			);
			path = stubs;
			sourceTree = "<group>";
		};
/* End PBXGroup section */

/* Begin PBXNativeTarget section */
		C34B725D1F73F4F5002C0515 /* github-ios-list */ = {
			isa = PBXNativeTarget;
			buildConfigurationList = C34B72891F73F4F5002C0515 /* Build configuration list for PBXNativeTarget "github-ios-list" */;
			buildPhases = (
				C6E07424DB00FAA6B2F269E2 /* [CP] Check Pods Manifest.lock */,
				C34B725A1F73F4F5002C0515 /* Sources */,
				C34B725B1F73F4F5002C0515 /* Frameworks */,
				C34B725C1F73F4F5002C0515 /* Resources */,
				B2ACC9285F32E948296AB4BD /* [CP] Embed Pods Frameworks */,
				D22C0A26947AF66E935B83FE /* [CP] Copy Pods Resources */,
			);
			buildRules = (
			);
			dependencies = (
			);
			name = "github-ios-list";
			productName = "github-ios-list";
			productReference = C34B725E1F73F4F5002C0515 /* github-ios-list.app */;
			productType = "com.apple.product-type.application";
		};
		C34B72741F73F4F5002C0515 /* github-ios-listTests */ = {
			isa = PBXNativeTarget;
			buildConfigurationList = C34B728C1F73F4F5002C0515 /* Build configuration list for PBXNativeTarget "github-ios-listTests" */;
			buildPhases = (
				9CF2FA5CF20BA6161AA725E8 /* [CP] Check Pods Manifest.lock */,
				C34B72711F73F4F5002C0515 /* Sources */,
				C34B72721F73F4F5002C0515 /* Frameworks */,
				C34B72731F73F4F5002C0515 /* Resources */,
				03B2E6D1EF854DE35083476C /* [CP] Embed Pods Frameworks */,
				9EFBA58C40C23A9FED953C4D /* [CP] Copy Pods Resources */,
			);
			buildRules = (
			);
			dependencies = (
				C34B72771F73F4F5002C0515 /* PBXTargetDependency */,
			);
			name = "github-ios-listTests";
			productName = "github-ios-listTests";
			productReference = C34B72751F73F4F5002C0515 /* github-ios-listTests.xctest */;
			productType = "com.apple.product-type.bundle.unit-test";
		};
		C34B727F1F73F4F5002C0515 /* github-ios-listUITests */ = {
			isa = PBXNativeTarget;
			buildConfigurationList = C34B728F1F73F4F5002C0515 /* Build configuration list for PBXNativeTarget "github-ios-listUITests" */;
			buildPhases = (
				5020BBFB945CC45473771261 /* [CP] Check Pods Manifest.lock */,
				C34B727C1F73F4F5002C0515 /* Sources */,
				C34B727D1F73F4F5002C0515 /* Frameworks */,
				C34B727E1F73F4F5002C0515 /* Resources */,
				D060DD2C7A480A9A691C99FC /* [CP] Embed Pods Frameworks */,
				5341D8F3875CC143AB51C81D /* [CP] Copy Pods Resources */,
			);
			buildRules = (
			);
			dependencies = (
				C34B72821F73F4F5002C0515 /* PBXTargetDependency */,
			);
			name = "github-ios-listUITests";
			productName = "github-ios-listUITests";
			productReference = C34B72801F73F4F5002C0515 /* github-ios-listUITests.xctest */;
			productType = "com.apple.product-type.bundle.ui-testing";
		};
/* End PBXNativeTarget section */

/* Begin PBXProject section */
		C34B72561F73F4F5002C0515 /* Project object */ = {
			isa = PBXProject;
			attributes = {
				LastSwiftUpdateCheck = 0900;
				LastUpgradeCheck = 0900;
				ORGANIZATIONNAME = "Mateus Marques";
				TargetAttributes = {
					C34B725D1F73F4F5002C0515 = {
						CreatedOnToolsVersion = 9.0;
						ProvisioningStyle = Automatic;
					};
					C34B72741F73F4F5002C0515 = {
						CreatedOnToolsVersion = 9.0;
						ProvisioningStyle = Automatic;
						TestTargetID = C34B725D1F73F4F5002C0515;
					};
					C34B727F1F73F4F5002C0515 = {
						CreatedOnToolsVersion = 9.0;
						ProvisioningStyle = Automatic;
						TestTargetID = C34B725D1F73F4F5002C0515;
					};
				};
			};
			buildConfigurationList = C34B72591F73F4F5002C0515 /* Build configuration list for PBXProject "github-ios-list" */;
			compatibilityVersion = "Xcode 8.0";
			developmentRegion = en;
			hasScannedForEncodings = 0;
			knownRegions = (
				en,
				Base,
			);
			mainGroup = C34B72551F73F4F4002C0515;
			productRefGroup = C34B725F1F73F4F5002C0515 /* Products */;
			projectDirPath = "";
			projectRoot = "";
			targets = (
				C34B725D1F73F4F5002C0515 /* github-ios-list */,
				C34B72741F73F4F5002C0515 /* github-ios-listTests */,
				C34B727F1F73F4F5002C0515 /* github-ios-listUITests */,
			);
		};
/* End PBXProject section */

/* Begin PBXResourcesBuildPhase section */
		C34B725C1F73F4F5002C0515 /* Resources */ = {
			isa = PBXResourcesBuildPhase;
			buildActionMask = 2147483647;
			files = (
				C34B726F1F73F4F5002C0515 /* LaunchScreen.storyboard in Resources */,
				C34B726C1F73F4F5002C0515 /* Assets.xcassets in Resources */,
				C34B72671F73F4F5002C0515 /* Main.storyboard in Resources */,
			);
			runOnlyForDeploymentPostprocessing = 0;
		};
		C34B72731F73F4F5002C0515 /* Resources */ = {
			isa = PBXResourcesBuildPhase;
			buildActionMask = 2147483647;
			files = (
				C3A74B291F74C94B00D4450E /* JSONPullRequest_mock.json in Resources */,
				C3A74B271F74C88500D4450E /* JSONRepository_mock.json in Resources */,
			);
			runOnlyForDeploymentPostprocessing = 0;
		};
		C34B727E1F73F4F5002C0515 /* Resources */ = {
			isa = PBXResourcesBuildPhase;
			buildActionMask = 2147483647;
			files = (
			);
			runOnlyForDeploymentPostprocessing = 0;
		};
/* End PBXResourcesBuildPhase section */

/* Begin PBXShellScriptBuildPhase section */
		03B2E6D1EF854DE35083476C /* [CP] Embed Pods Frameworks */ = {
			isa = PBXShellScriptBuildPhase;
			buildActionMask = 2147483647;
			files = (
			);
			inputPaths = (
			);
			name = "[CP] Embed Pods Frameworks";
			outputPaths = (
			);
			runOnlyForDeploymentPostprocessing = 0;
			shellPath = /bin/sh;
			shellScript = "\"${SRCROOT}/Pods/Target Support Files/Pods-github-ios-listTests/Pods-github-ios-listTests-frameworks.sh\"\n";
			showEnvVarsInLog = 0;
		};
		5020BBFB945CC45473771261 /* [CP] Check Pods Manifest.lock */ = {
			isa = PBXShellScriptBuildPhase;
			buildActionMask = 2147483647;
			files = (
			);
			inputPaths = (
				"${PODS_PODFILE_DIR_PATH}/Podfile.lock",
				"${PODS_ROOT}/Manifest.lock",
			);
			name = "[CP] Check Pods Manifest.lock";
			outputPaths = (
				"$(DERIVED_FILE_DIR)/Pods-github-ios-listUITests-checkManifestLockResult.txt",
			);
			runOnlyForDeploymentPostprocessing = 0;
			shellPath = /bin/sh;
			shellScript = "diff \"${PODS_PODFILE_DIR_PATH}/Podfile.lock\" \"${PODS_ROOT}/Manifest.lock\" > /dev/null\nif [ $? != 0 ] ; then\n    # print error to STDERR\n    echo \"error: The sandbox is not in sync with the Podfile.lock. Run 'pod install' or update your CocoaPods installation.\" >&2\n    exit 1\nfi\n# This output is used by Xcode 'outputs' to avoid re-running this script phase.\necho \"SUCCESS\" > \"${SCRIPT_OUTPUT_FILE_0}\"\n";
			showEnvVarsInLog = 0;
		};
		5341D8F3875CC143AB51C81D /* [CP] Copy Pods Resources */ = {
			isa = PBXShellScriptBuildPhase;
			buildActionMask = 2147483647;
			files = (
			);
			inputPaths = (
			);
			name = "[CP] Copy Pods Resources";
			outputPaths = (
			);
			runOnlyForDeploymentPostprocessing = 0;
			shellPath = /bin/sh;
			shellScript = "\"${SRCROOT}/Pods/Target Support Files/Pods-github-ios-listUITests/Pods-github-ios-listUITests-resources.sh\"\n";
			showEnvVarsInLog = 0;
		};
		9CF2FA5CF20BA6161AA725E8 /* [CP] Check Pods Manifest.lock */ = {
			isa = PBXShellScriptBuildPhase;
			buildActionMask = 2147483647;
			files = (
			);
			inputPaths = (
				"${PODS_PODFILE_DIR_PATH}/Podfile.lock",
				"${PODS_ROOT}/Manifest.lock",
			);
			name = "[CP] Check Pods Manifest.lock";
			outputPaths = (
				"$(DERIVED_FILE_DIR)/Pods-github-ios-listTests-checkManifestLockResult.txt",
			);
			runOnlyForDeploymentPostprocessing = 0;
			shellPath = /bin/sh;
			shellScript = "diff \"${PODS_PODFILE_DIR_PATH}/Podfile.lock\" \"${PODS_ROOT}/Manifest.lock\" > /dev/null\nif [ $? != 0 ] ; then\n    # print error to STDERR\n    echo \"error: The sandbox is not in sync with the Podfile.lock. Run 'pod install' or update your CocoaPods installation.\" >&2\n    exit 1\nfi\n# This output is used by Xcode 'outputs' to avoid re-running this script phase.\necho \"SUCCESS\" > \"${SCRIPT_OUTPUT_FILE_0}\"\n";
			showEnvVarsInLog = 0;
		};
		9EFBA58C40C23A9FED953C4D /* [CP] Copy Pods Resources */ = {
			isa = PBXShellScriptBuildPhase;
			buildActionMask = 2147483647;
			files = (
			);
			inputPaths = (
			);
			name = "[CP] Copy Pods Resources";
			outputPaths = (
			);
			runOnlyForDeploymentPostprocessing = 0;
			shellPath = /bin/sh;
			shellScript = "\"${SRCROOT}/Pods/Target Support Files/Pods-github-ios-listTests/Pods-github-ios-listTests-resources.sh\"\n";
			showEnvVarsInLog = 0;
		};
		B2ACC9285F32E948296AB4BD /* [CP] Embed Pods Frameworks */ = {
			isa = PBXShellScriptBuildPhase;
			buildActionMask = 2147483647;
			files = (
			);
			inputPaths = (
				"${SRCROOT}/Pods/Target Support Files/Pods-github-ios-list/Pods-github-ios-list-frameworks.sh",
				"${BUILT_PRODUCTS_DIR}/Alamofire/Alamofire.framework",
				"${BUILT_PRODUCTS_DIR}/Kingfisher/Kingfisher.framework",
				"${BUILT_PRODUCTS_DIR}/R.swift.Library/Rswift.framework",
				"${BUILT_PRODUCTS_DIR}/SVProgressHUD/SVProgressHUD.framework",
			);
			name = "[CP] Embed Pods Frameworks";
			outputPaths = (
				"${TARGET_BUILD_DIR}/${FRAMEWORKS_FOLDER_PATH}/Alamofire.framework",
				"${TARGET_BUILD_DIR}/${FRAMEWORKS_FOLDER_PATH}/Kingfisher.framework",
				"${TARGET_BUILD_DIR}/${FRAMEWORKS_FOLDER_PATH}/Rswift.framework",
				"${TARGET_BUILD_DIR}/${FRAMEWORKS_FOLDER_PATH}/SVProgressHUD.framework",
			);
			runOnlyForDeploymentPostprocessing = 0;
			shellPath = /bin/sh;
			shellScript = "\"${SRCROOT}/Pods/Target Support Files/Pods-github-ios-list/Pods-github-ios-list-frameworks.sh\"\n";
			showEnvVarsInLog = 0;
		};
		C6E07424DB00FAA6B2F269E2 /* [CP] Check Pods Manifest.lock */ = {
			isa = PBXShellScriptBuildPhase;
			buildActionMask = 2147483647;
			files = (
			);
			inputPaths = (
				"${PODS_PODFILE_DIR_PATH}/Podfile.lock",
				"${PODS_ROOT}/Manifest.lock",
			);
			name = "[CP] Check Pods Manifest.lock";
			outputPaths = (
				"$(DERIVED_FILE_DIR)/Pods-github-ios-list-checkManifestLockResult.txt",
			);
			runOnlyForDeploymentPostprocessing = 0;
			shellPath = /bin/sh;
			shellScript = "diff \"${PODS_PODFILE_DIR_PATH}/Podfile.lock\" \"${PODS_ROOT}/Manifest.lock\" > /dev/null\nif [ $? != 0 ] ; then\n    # print error to STDERR\n    echo \"error: The sandbox is not in sync with the Podfile.lock. Run 'pod install' or update your CocoaPods installation.\" >&2\n    exit 1\nfi\n# This output is used by Xcode 'outputs' to avoid re-running this script phase.\necho \"SUCCESS\" > \"${SCRIPT_OUTPUT_FILE_0}\"\n";
			showEnvVarsInLog = 0;
		};
		D060DD2C7A480A9A691C99FC /* [CP] Embed Pods Frameworks */ = {
			isa = PBXShellScriptBuildPhase;
			buildActionMask = 2147483647;
			files = (
			);
			inputPaths = (
			);
			name = "[CP] Embed Pods Frameworks";
			outputPaths = (
			);
			runOnlyForDeploymentPostprocessing = 0;
			shellPath = /bin/sh;
			shellScript = "\"${SRCROOT}/Pods/Target Support Files/Pods-github-ios-listUITests/Pods-github-ios-listUITests-frameworks.sh\"\n";
			showEnvVarsInLog = 0;
		};
		D22C0A26947AF66E935B83FE /* [CP] Copy Pods Resources */ = {
			isa = PBXShellScriptBuildPhase;
			buildActionMask = 2147483647;
			files = (
			);
			inputPaths = (
			);
			name = "[CP] Copy Pods Resources";
			outputPaths = (
			);
			runOnlyForDeploymentPostprocessing = 0;
			shellPath = /bin/sh;
			shellScript = "\"${SRCROOT}/Pods/Target Support Files/Pods-github-ios-list/Pods-github-ios-list-resources.sh\"\n";
			showEnvVarsInLog = 0;
		};
/* End PBXShellScriptBuildPhase section */

/* Begin PBXSourcesBuildPhase section */
		C34B725A1F73F4F5002C0515 /* Sources */ = {
			isa = PBXSourcesBuildPhase;
			buildActionMask = 2147483647;
			files = (
				C3A74B1D1F749A1800D4450E /* JSONRepository.swift in Sources */,
				C3CEE82F1F811D6600EE39BA /* Date+Additions.swift in Sources */,
				C366769C1F744D1A00E4C094 /* RepositoryDAO.swift in Sources */,
				C3A74B221F74A7C900D4450E /* JSONOwner.swift in Sources */,
				C3CE9C601F832896005CBB3E /* RepositoryService.swift in Sources */,
				C366769E1F744D3800E4C094 /* PullRequestDAO.swift in Sources */,
				C36676981F744CD700E4C094 /* RepositoryViewModel.swift in Sources */,
				C38089181F7FEFE800F8FE80 /* NSManagedObjectContext+Additions.swift in Sources */,
				C3A74B1F1F749A4600D4450E /* JSONPullRequest.swift in Sources */,
				C3A74B241F74A92F00D4450E /* JSONRepositoryItem.swift in Sources */,
				C36676961F744C2E00E4C094 /* PullRequestTableViewCell.swift in Sources */,
				C3A74B2B1F74CB8100D4450E /* JSONUser.swift in Sources */,
				C36676891F744B1800E4C094 /* PullRequestTableViewController.swift in Sources */,
				C34B72641F73F4F5002C0515 /* RepositoryViewController.swift in Sources */,
				C34B72621F73F4F5002C0515 /* AppDelegate.swift in Sources */,
				C3D773B41F81CA70003F1ED4 /* Errors.swift in Sources */,
				C36676941F744C1A00E4C094 /* RepositoryTableViewCell.swift in Sources */,
				C34B726A1F73F4F5002C0515 /* github_ios_list.xcdatamodeld in Sources */,
				C366769A1F744CF100E4C094 /* PullRequestViewModel.swift in Sources */,
			);
			runOnlyForDeploymentPostprocessing = 0;
		};
		C34B72711F73F4F5002C0515 /* Sources */ = {
			isa = PBXSourcesBuildPhase;
			buildActionMask = 2147483647;
			files = (
				C3CEE8311F81277F00EE39BA /* StubPullRequest.swift in Sources */,
				C3D225CB1F7DE3AD000D9860 /* CoreDataHelper.swift in Sources */,
				C3B88C1D1F80000B004FF370 /* PullRequestDAOTest.swift in Sources */,
				C3EBDB6C1F75586400FF9071 /* PullRequestTest.swift in Sources */,
				C3AC7D231F8506AF0094CC5B /* RepositoryViewModelTest.swift in Sources */,
				C3D225C91F7DD995000D9860 /* StubRepository.swift in Sources */,
				C3D225C61F7DD71C000D9860 /* RepositoryDAOTest.swift in Sources */,
				C3A74B1B1F7490AA00D4450E /* RepositoryTest.swift in Sources */,
			);
			runOnlyForDeploymentPostprocessing = 0;
		};
		C34B727C1F73F4F5002C0515 /* Sources */ = {
			isa = PBXSourcesBuildPhase;
			buildActionMask = 2147483647;
			files = (
				C34B72851F73F4F5002C0515 /* github_ios_listUITests.swift in Sources */,
			);
			runOnlyForDeploymentPostprocessing = 0;
		};
/* End PBXSourcesBuildPhase section */

/* Begin PBXTargetDependency section */
		C34B72771F73F4F5002C0515 /* PBXTargetDependency */ = {
			isa = PBXTargetDependency;
			target = C34B725D1F73F4F5002C0515 /* github-ios-list */;
			targetProxy = C34B72761F73F4F5002C0515 /* PBXContainerItemProxy */;
		};
		C34B72821F73F4F5002C0515 /* PBXTargetDependency */ = {
			isa = PBXTargetDependency;
			target = C34B725D1F73F4F5002C0515 /* github-ios-list */;
			targetProxy = C34B72811F73F4F5002C0515 /* PBXContainerItemProxy */;
		};
/* End PBXTargetDependency section */

/* Begin PBXVariantGroup section */
		C34B72651F73F4F5002C0515 /* Main.storyboard */ = {
			isa = PBXVariantGroup;
			children = (
				C34B72661F73F4F5002C0515 /* Base */,
			);
			name = Main.storyboard;
			sourceTree = "<group>";
		};
		C34B726D1F73F4F5002C0515 /* LaunchScreen.storyboard */ = {
			isa = PBXVariantGroup;
			children = (
				C34B726E1F73F4F5002C0515 /* Base */,
			);
			name = LaunchScreen.storyboard;
			sourceTree = "<group>";
		};
/* End PBXVariantGroup section */

/* Begin XCBuildConfiguration section */
		C34B72871F73F4F5002C0515 /* Debug */ = {
			isa = XCBuildConfiguration;
			buildSettings = {
				ALWAYS_SEARCH_USER_PATHS = NO;
				CLANG_ANALYZER_NONNULL = YES;
				CLANG_ANALYZER_NUMBER_OBJECT_CONVERSION = YES_AGGRESSIVE;
				CLANG_CXX_LANGUAGE_STANDARD = "gnu++14";
				CLANG_CXX_LIBRARY = "libc++";
				CLANG_ENABLE_MODULES = YES;
				CLANG_ENABLE_OBJC_ARC = YES;
				CLANG_WARN_BLOCK_CAPTURE_AUTORELEASING = YES;
				CLANG_WARN_BOOL_CONVERSION = YES;
				CLANG_WARN_COMMA = YES;
				CLANG_WARN_CONSTANT_CONVERSION = YES;
				CLANG_WARN_DIRECT_OBJC_ISA_USAGE = YES_ERROR;
				CLANG_WARN_DOCUMENTATION_COMMENTS = YES;
				CLANG_WARN_EMPTY_BODY = YES;
				CLANG_WARN_ENUM_CONVERSION = YES;
				CLANG_WARN_INFINITE_RECURSION = YES;
				CLANG_WARN_INT_CONVERSION = YES;
				CLANG_WARN_NON_LITERAL_NULL_CONVERSION = YES;
				CLANG_WARN_OBJC_LITERAL_CONVERSION = YES;
				CLANG_WARN_OBJC_ROOT_CLASS = YES_ERROR;
				CLANG_WARN_RANGE_LOOP_ANALYSIS = YES;
				CLANG_WARN_STRICT_PROTOTYPES = YES;
				CLANG_WARN_SUSPICIOUS_MOVE = YES;
				CLANG_WARN_UNGUARDED_AVAILABILITY = YES_AGGRESSIVE;
				CLANG_WARN_UNREACHABLE_CODE = YES;
				CLANG_WARN__DUPLICATE_METHOD_MATCH = YES;
				CODE_SIGN_IDENTITY = "iPhone Developer";
				COPY_PHASE_STRIP = NO;
				DEBUG_INFORMATION_FORMAT = dwarf;
				ENABLE_STRICT_OBJC_MSGSEND = YES;
				ENABLE_TESTABILITY = YES;
				GCC_C_LANGUAGE_STANDARD = gnu11;
				GCC_DYNAMIC_NO_PIC = NO;
				GCC_NO_COMMON_BLOCKS = YES;
				GCC_OPTIMIZATION_LEVEL = 0;
				GCC_PREPROCESSOR_DEFINITIONS = (
					"DEBUG=1",
					"$(inherited)",
				);
				GCC_WARN_64_TO_32_BIT_CONVERSION = YES;
				GCC_WARN_ABOUT_RETURN_TYPE = YES_ERROR;
				GCC_WARN_UNDECLARED_SELECTOR = YES;
				GCC_WARN_UNINITIALIZED_AUTOS = YES_AGGRESSIVE;
				GCC_WARN_UNUSED_FUNCTION = YES;
				GCC_WARN_UNUSED_VARIABLE = YES;
				IPHONEOS_DEPLOYMENT_TARGET = 11.0;
				MTL_ENABLE_DEBUG_INFO = YES;
				ONLY_ACTIVE_ARCH = YES;
				SDKROOT = iphoneos;
				SWIFT_ACTIVE_COMPILATION_CONDITIONS = DEBUG;
				SWIFT_OPTIMIZATION_LEVEL = "-Onone";
			};
			name = Debug;
		};
		C34B72881F73F4F5002C0515 /* Release */ = {
			isa = XCBuildConfiguration;
			buildSettings = {
				ALWAYS_SEARCH_USER_PATHS = NO;
				CLANG_ANALYZER_NONNULL = YES;
				CLANG_ANALYZER_NUMBER_OBJECT_CONVERSION = YES_AGGRESSIVE;
				CLANG_CXX_LANGUAGE_STANDARD = "gnu++14";
				CLANG_CXX_LIBRARY = "libc++";
				CLANG_ENABLE_MODULES = YES;
				CLANG_ENABLE_OBJC_ARC = YES;
				CLANG_WARN_BLOCK_CAPTURE_AUTORELEASING = YES;
				CLANG_WARN_BOOL_CONVERSION = YES;
				CLANG_WARN_COMMA = YES;
				CLANG_WARN_CONSTANT_CONVERSION = YES;
				CLANG_WARN_DIRECT_OBJC_ISA_USAGE = YES_ERROR;
				CLANG_WARN_DOCUMENTATION_COMMENTS = YES;
				CLANG_WARN_EMPTY_BODY = YES;
				CLANG_WARN_ENUM_CONVERSION = YES;
				CLANG_WARN_INFINITE_RECURSION = YES;
				CLANG_WARN_INT_CONVERSION = YES;
				CLANG_WARN_NON_LITERAL_NULL_CONVERSION = YES;
				CLANG_WARN_OBJC_LITERAL_CONVERSION = YES;
				CLANG_WARN_OBJC_ROOT_CLASS = YES_ERROR;
				CLANG_WARN_RANGE_LOOP_ANALYSIS = YES;
				CLANG_WARN_STRICT_PROTOTYPES = YES;
				CLANG_WARN_SUSPICIOUS_MOVE = YES;
				CLANG_WARN_UNGUARDED_AVAILABILITY = YES_AGGRESSIVE;
				CLANG_WARN_UNREACHABLE_CODE = YES;
				CLANG_WARN__DUPLICATE_METHOD_MATCH = YES;
				CODE_SIGN_IDENTITY = "iPhone Developer";
				COPY_PHASE_STRIP = NO;
				DEBUG_INFORMATION_FORMAT = "dwarf-with-dsym";
				ENABLE_NS_ASSERTIONS = NO;
				ENABLE_STRICT_OBJC_MSGSEND = YES;
				GCC_C_LANGUAGE_STANDARD = gnu11;
				GCC_NO_COMMON_BLOCKS = YES;
				GCC_WARN_64_TO_32_BIT_CONVERSION = YES;
				GCC_WARN_ABOUT_RETURN_TYPE = YES_ERROR;
				GCC_WARN_UNDECLARED_SELECTOR = YES;
				GCC_WARN_UNINITIALIZED_AUTOS = YES_AGGRESSIVE;
				GCC_WARN_UNUSED_FUNCTION = YES;
				GCC_WARN_UNUSED_VARIABLE = YES;
				IPHONEOS_DEPLOYMENT_TARGET = 11.0;
				MTL_ENABLE_DEBUG_INFO = NO;
				SDKROOT = iphoneos;
				SWIFT_OPTIMIZATION_LEVEL = "-Owholemodule";
				VALIDATE_PRODUCT = YES;
			};
			name = Release;
		};
		C34B728A1F73F4F5002C0515 /* Debug */ = {
			isa = XCBuildConfiguration;
			baseConfigurationReference = EB3015C007CB27E0C0BA9749 /* Pods-github-ios-list.debug.xcconfig */;
			buildSettings = {
				ASSETCATALOG_COMPILER_APPICON_NAME = AppIcon;
				CODE_SIGN_STYLE = Automatic;
				INFOPLIST_FILE = "github-ios-list/Info.plist";
				LD_RUNPATH_SEARCH_PATHS = "$(inherited) @executable_path/Frameworks";
				PRODUCT_BUNDLE_IDENTIFIER = "com.github-ios-list.github-ios-list";
				PRODUCT_NAME = "$(TARGET_NAME)";
				SWIFT_VERSION = 4.0;
				TARGETED_DEVICE_FAMILY = "1,2";
			};
			name = Debug;
		};
		C34B728B1F73F4F5002C0515 /* Release */ = {
			isa = XCBuildConfiguration;
			baseConfigurationReference = 634B42CF53BA79619870C35D /* Pods-github-ios-list.release.xcconfig */;
			buildSettings = {
				ASSETCATALOG_COMPILER_APPICON_NAME = AppIcon;
				CODE_SIGN_STYLE = Automatic;
				INFOPLIST_FILE = "github-ios-list/Info.plist";
				LD_RUNPATH_SEARCH_PATHS = "$(inherited) @executable_path/Frameworks";
				PRODUCT_BUNDLE_IDENTIFIER = "com.github-ios-list.github-ios-list";
				PRODUCT_NAME = "$(TARGET_NAME)";
				SWIFT_VERSION = 4.0;
				TARGETED_DEVICE_FAMILY = "1,2";
			};
			name = Release;
		};
		C34B728D1F73F4F5002C0515 /* Debug */ = {
			isa = XCBuildConfiguration;
			baseConfigurationReference = 0DCB1001EC8AD418292E0790 /* Pods-github-ios-listTests.debug.xcconfig */;
			buildSettings = {
				ALWAYS_EMBED_SWIFT_STANDARD_LIBRARIES = YES;
				BUNDLE_LOADER = "$(TEST_HOST)";
				CODE_SIGN_STYLE = Automatic;
				INFOPLIST_FILE = "github-ios-listTests/Info.plist";
				LD_RUNPATH_SEARCH_PATHS = "$(inherited) @executable_path/Frameworks @loader_path/Frameworks";
				PRODUCT_BUNDLE_IDENTIFIER = "com.github-ios-list.github-ios-listTests";
				PRODUCT_NAME = "$(TARGET_NAME)";
				SWIFT_VERSION = 4.0;
				TARGETED_DEVICE_FAMILY = "1,2";
				TEST_HOST = "$(BUILT_PRODUCTS_DIR)/github-ios-list.app/github-ios-list";
			};
			name = Debug;
		};
		C34B728E1F73F4F5002C0515 /* Release */ = {
			isa = XCBuildConfiguration;
			baseConfigurationReference = 090F81439A0A616FE525F8B0 /* Pods-github-ios-listTests.release.xcconfig */;
			buildSettings = {
				ALWAYS_EMBED_SWIFT_STANDARD_LIBRARIES = YES;
				BUNDLE_LOADER = "$(TEST_HOST)";
				CODE_SIGN_STYLE = Automatic;
				INFOPLIST_FILE = "github-ios-listTests/Info.plist";
				LD_RUNPATH_SEARCH_PATHS = "$(inherited) @executable_path/Frameworks @loader_path/Frameworks";
				PRODUCT_BUNDLE_IDENTIFIER = "com.github-ios-list.github-ios-listTests";
				PRODUCT_NAME = "$(TARGET_NAME)";
				SWIFT_VERSION = 4.0;
				TARGETED_DEVICE_FAMILY = "1,2";
				TEST_HOST = "$(BUILT_PRODUCTS_DIR)/github-ios-list.app/github-ios-list";
			};
			name = Release;
		};
		C34B72901F73F4F5002C0515 /* Debug */ = {
			isa = XCBuildConfiguration;
			baseConfigurationReference = F3F82F6BA44D8A883ABE50F9 /* Pods-github-ios-listUITests.debug.xcconfig */;
			buildSettings = {
				ALWAYS_EMBED_SWIFT_STANDARD_LIBRARIES = YES;
				CODE_SIGN_STYLE = Automatic;
				INFOPLIST_FILE = "github-ios-listUITests/Info.plist";
				LD_RUNPATH_SEARCH_PATHS = "$(inherited) @executable_path/Frameworks @loader_path/Frameworks";
				PRODUCT_BUNDLE_IDENTIFIER = "com.github-ios-list.github-ios-listUITests";
				PRODUCT_NAME = "$(TARGET_NAME)";
				SWIFT_VERSION = 4.0;
				TARGETED_DEVICE_FAMILY = "1,2";
				TEST_TARGET_NAME = "github-ios-list";
			};
			name = Debug;
		};
		C34B72911F73F4F5002C0515 /* Release */ = {
			isa = XCBuildConfiguration;
			baseConfigurationReference = 9FA5C0F76796589A22CE0CE1 /* Pods-github-ios-listUITests.release.xcconfig */;
			buildSettings = {
				ALWAYS_EMBED_SWIFT_STANDARD_LIBRARIES = YES;
				CODE_SIGN_STYLE = Automatic;
				INFOPLIST_FILE = "github-ios-listUITests/Info.plist";
				LD_RUNPATH_SEARCH_PATHS = "$(inherited) @executable_path/Frameworks @loader_path/Frameworks";
				PRODUCT_BUNDLE_IDENTIFIER = "com.github-ios-list.github-ios-listUITests";
				PRODUCT_NAME = "$(TARGET_NAME)";
				SWIFT_VERSION = 4.0;
				TARGETED_DEVICE_FAMILY = "1,2";
				TEST_TARGET_NAME = "github-ios-list";
			};
			name = Release;
		};
/* End XCBuildConfiguration section */

/* Begin XCConfigurationList section */
		C34B72591F73F4F5002C0515 /* Build configuration list for PBXProject "github-ios-list" */ = {
			isa = XCConfigurationList;
			buildConfigurations = (
				C34B72871F73F4F5002C0515 /* Debug */,
				C34B72881F73F4F5002C0515 /* Release */,
			);
			defaultConfigurationIsVisible = 0;
			defaultConfigurationName = Release;
		};
		C34B72891F73F4F5002C0515 /* Build configuration list for PBXNativeTarget "github-ios-list" */ = {
			isa = XCConfigurationList;
			buildConfigurations = (
				C34B728A1F73F4F5002C0515 /* Debug */,
				C34B728B1F73F4F5002C0515 /* Release */,
			);
			defaultConfigurationIsVisible = 0;
			defaultConfigurationName = Release;
		};
		C34B728C1F73F4F5002C0515 /* Build configuration list for PBXNativeTarget "github-ios-listTests" */ = {
			isa = XCConfigurationList;
			buildConfigurations = (
				C34B728D1F73F4F5002C0515 /* Debug */,
				C34B728E1F73F4F5002C0515 /* Release */,
			);
			defaultConfigurationIsVisible = 0;
			defaultConfigurationName = Release;
		};
		C34B728F1F73F4F5002C0515 /* Build configuration list for PBXNativeTarget "github-ios-listUITests" */ = {
			isa = XCConfigurationList;
			buildConfigurations = (
				C34B72901F73F4F5002C0515 /* Debug */,
				C34B72911F73F4F5002C0515 /* Release */,
			);
			defaultConfigurationIsVisible = 0;
			defaultConfigurationName = Release;
		};
/* End XCConfigurationList section */

/* Begin XCVersionGroup section */
		C34B72681F73F4F5002C0515 /* github_ios_list.xcdatamodeld */ = {
			isa = XCVersionGroup;
			children = (
				C34B72691F73F4F5002C0515 /* github_ios_list.xcdatamodel */,
			);
			currentVersion = C34B72691F73F4F5002C0515 /* github_ios_list.xcdatamodel */;
			path = github_ios_list.xcdatamodeld;
			sourceTree = "<group>";
			versionGroupType = wrapper.xcdatamodel;
		};
/* End XCVersionGroup section */
	};
	rootObject = C34B72561F73F4F5002C0515 /* Project object */;
}
